// !$*UTF8*$!
{
	archiveVersion = 1;
	classes = {
	};
	objectVersion = 55;
	objects = {

/* Begin PBXBuildFile section */
		B400A5502A10F0E300BAC295 /* DailyLiturgyApp.swift in Sources */ = {isa = PBXBuildFile; fileRef = B400A54F2A10F0E300BAC295 /* DailyLiturgyApp.swift */; };
		B400A5522A10F0E300BAC295 /* ContentView.swift in Sources */ = {isa = PBXBuildFile; fileRef = B400A5512A10F0E300BAC295 /* ContentView.swift */; };
		B400A5542A10F0E600BAC295 /* Assets.xcassets in Resources */ = {isa = PBXBuildFile; fileRef = B400A5532A10F0E600BAC295 /* Assets.xcassets */; };
		B400A5572A10F0E600BAC295 /* Preview Assets.xcassets in Resources */ = {isa = PBXBuildFile; fileRef = B400A5562A10F0E600BAC295 /* Preview Assets.xcassets */; };
		B408E0652A110415001A5EB8 /* Card.swift in Sources */ = {isa = PBXBuildFile; fileRef = B408E0642A110415001A5EB8 /* Card.swift */; };
		B4307E982A1598C600E91EFB /* SplashView.swift in Sources */ = {isa = PBXBuildFile; fileRef = B4307E972A1598C600E91EFB /* SplashView.swift */; };
		B4307E9A2A159D5B00E91EFB /* AudioPlayerView.swift in Sources */ = {isa = PBXBuildFile; fileRef = B4307E992A159D5B00E91EFB /* AudioPlayerView.swift */; };
		B4307E9C2A15A1BA00E91EFB /* PlayPauseAudioButton.swift in Sources */ = {isa = PBXBuildFile; fileRef = B4307E9B2A15A1BA00E91EFB /* PlayPauseAudioButton.swift */; };
		B4307E9E2A15AA8C00E91EFB /* SeekButton.swift in Sources */ = {isa = PBXBuildFile; fileRef = B4307E9D2A15AA8C00E91EFB /* SeekButton.swift */; };
		B4307EA02A15C3DD00E91EFB /* LiturgyView.swift in Sources */ = {isa = PBXBuildFile; fileRef = B4307E9F2A15C3DD00E91EFB /* LiturgyView.swift */; };
		B4C35BC22A11AA49005FBD04 /* ReadingCard.swift in Sources */ = {isa = PBXBuildFile; fileRef = B4C35BC12A11AA49005FBD04 /* ReadingCard.swift */; };
		B4C36A472A11AF1B009EE5EA /* WebView.swift in Sources */ = {isa = PBXBuildFile; fileRef = B4C36A462A11AF1B009EE5EA /* WebView.swift */; };
		B4C36A492A11B506009EE5EA /* NavigationBarModifier.swift in Sources */ = {isa = PBXBuildFile; fileRef = B4C36A482A11B506009EE5EA /* NavigationBarModifier.swift */; };
		B4D65EB22A1121470018D97F /* SwiftSoup in Frameworks */ = {isa = PBXBuildFile; productRef = B4D65EB12A1121470018D97F /* SwiftSoup */; };
		B4F568832A112E7400A5D3E2 /* Liturgy.swift in Sources */ = {isa = PBXBuildFile; fileRef = B4F568822A112E7400A5D3E2 /* Liturgy.swift */; };
/* End PBXBuildFile section */

/* Begin PBXFileReference section */
		B400A54C2A10F0E300BAC295 /* Daily Liturgy.app */ = {isa = PBXFileReference; explicitFileType = wrapper.application; includeInIndex = 0; path = "Daily Liturgy.app"; sourceTree = BUILT_PRODUCTS_DIR; };
		B400A54F2A10F0E300BAC295 /* DailyLiturgyApp.swift */ = {isa = PBXFileReference; lastKnownFileType = sourcecode.swift; path = DailyLiturgyApp.swift; sourceTree = "<group>"; };
		B400A5512A10F0E300BAC295 /* ContentView.swift */ = {isa = PBXFileReference; lastKnownFileType = sourcecode.swift; path = ContentView.swift; sourceTree = "<group>"; };
		B400A5532A10F0E600BAC295 /* Assets.xcassets */ = {isa = PBXFileReference; lastKnownFileType = folder.assetcatalog; path = Assets.xcassets; sourceTree = "<group>"; };
		B400A5562A10F0E600BAC295 /* Preview Assets.xcassets */ = {isa = PBXFileReference; lastKnownFileType = folder.assetcatalog; path = "Preview Assets.xcassets"; sourceTree = "<group>"; };
		B408E0642A110415001A5EB8 /* Card.swift */ = {isa = PBXFileReference; lastKnownFileType = sourcecode.swift; path = Card.swift; sourceTree = "<group>"; };
		B4307E972A1598C600E91EFB /* SplashView.swift */ = {isa = PBXFileReference; lastKnownFileType = sourcecode.swift; path = SplashView.swift; sourceTree = "<group>"; };
		B4307E992A159D5B00E91EFB /* AudioPlayerView.swift */ = {isa = PBXFileReference; lastKnownFileType = sourcecode.swift; path = AudioPlayerView.swift; sourceTree = "<group>"; };
		B4307E9B2A15A1BA00E91EFB /* PlayPauseAudioButton.swift */ = {isa = PBXFileReference; lastKnownFileType = sourcecode.swift; path = PlayPauseAudioButton.swift; sourceTree = "<group>"; };
		B4307E9D2A15AA8C00E91EFB /* SeekButton.swift */ = {isa = PBXFileReference; lastKnownFileType = sourcecode.swift; path = SeekButton.swift; sourceTree = "<group>"; };
		B4307E9F2A15C3DD00E91EFB /* LiturgyView.swift */ = {isa = PBXFileReference; lastKnownFileType = sourcecode.swift; path = LiturgyView.swift; sourceTree = "<group>"; };
		B4C35BC12A11AA49005FBD04 /* ReadingCard.swift */ = {isa = PBXFileReference; lastKnownFileType = sourcecode.swift; path = ReadingCard.swift; sourceTree = "<group>"; };
		B4C36A462A11AF1B009EE5EA /* WebView.swift */ = {isa = PBXFileReference; lastKnownFileType = sourcecode.swift; path = WebView.swift; sourceTree = "<group>"; };
		B4C36A482A11B506009EE5EA /* NavigationBarModifier.swift */ = {isa = PBXFileReference; lastKnownFileType = sourcecode.swift; path = NavigationBarModifier.swift; sourceTree = "<group>"; };
		B4F568822A112E7400A5D3E2 /* Liturgy.swift */ = {isa = PBXFileReference; lastKnownFileType = sourcecode.swift; path = Liturgy.swift; sourceTree = "<group>"; };
/* End PBXFileReference section */

/* Begin PBXFrameworksBuildPhase section */
		B400A5492A10F0E300BAC295 /* Frameworks */ = {
			isa = PBXFrameworksBuildPhase;
			buildActionMask = 2147483647;
			files = (
				B4D65EB22A1121470018D97F /* SwiftSoup in Frameworks */,
			);
			runOnlyForDeploymentPostprocessing = 0;
		};
/* End PBXFrameworksBuildPhase section */

/* Begin PBXGroup section */
		B400A5432A10F0E300BAC295 = {
			isa = PBXGroup;
			children = (
				B4794C9E2A111D3500C33600 /* Packages */,
				B400A54E2A10F0E300BAC295 /* Daily Liturgy */,
				B400A54D2A10F0E300BAC295 /* Products */,
			);
			sourceTree = "<group>";
		};
		B400A54D2A10F0E300BAC295 /* Products */ = {
			isa = PBXGroup;
			children = (
				B400A54C2A10F0E300BAC295 /* Daily Liturgy.app */,
			);
			name = Products;
			sourceTree = "<group>";
		};
		B400A54E2A10F0E300BAC295 /* Daily Liturgy */ = {
			isa = PBXGroup;
			children = (
				B400A54F2A10F0E300BAC295 /* DailyLiturgyApp.swift */,
				B400A5512A10F0E300BAC295 /* ContentView.swift */,
				B400A5532A10F0E600BAC295 /* Assets.xcassets */,
				B400A5552A10F0E600BAC295 /* Preview Content */,
				B408E0642A110415001A5EB8 /* Card.swift */,
				B4C35BC12A11AA49005FBD04 /* ReadingCard.swift */,
				B4F568822A112E7400A5D3E2 /* Liturgy.swift */,
				B4C36A462A11AF1B009EE5EA /* WebView.swift */,
				B4C36A482A11B506009EE5EA /* NavigationBarModifier.swift */,
				B4307E972A1598C600E91EFB /* SplashView.swift */,
				B4307E992A159D5B00E91EFB /* AudioPlayerView.swift */,
				B4307E9B2A15A1BA00E91EFB /* PlayPauseAudioButton.swift */,
				B4307E9D2A15AA8C00E91EFB /* SeekButton.swift */,
				B4307E9F2A15C3DD00E91EFB /* LiturgyView.swift */,
			);
			path = "Daily Liturgy";
			sourceTree = "<group>";
		};
		B400A5552A10F0E600BAC295 /* Preview Content */ = {
			isa = PBXGroup;
			children = (
				B400A5562A10F0E600BAC295 /* Preview Assets.xcassets */,
			);
			path = "Preview Content";
			sourceTree = "<group>";
		};
		B4794C9E2A111D3500C33600 /* Packages */ = {
			isa = PBXGroup;
			children = (
			);
			name = Packages;
			sourceTree = "<group>";
		};
/* End PBXGroup section */

/* Begin PBXNativeTarget section */
		B400A54B2A10F0E300BAC295 /* Daily Liturgy */ = {
			isa = PBXNativeTarget;
			buildConfigurationList = B400A55A2A10F0E600BAC295 /* Build configuration list for PBXNativeTarget "Daily Liturgy" */;
			buildPhases = (
				B400A5482A10F0E300BAC295 /* Sources */,
				B400A5492A10F0E300BAC295 /* Frameworks */,
				B400A54A2A10F0E300BAC295 /* Resources */,
			);
			buildRules = (
			);
			dependencies = (
			);
			name = "Daily Liturgy";
			packageProductDependencies = (
				B4D65EB12A1121470018D97F /* SwiftSoup */,
			);
			productName = "Daily Liturgy";
			productReference = B400A54C2A10F0E300BAC295 /* Daily Liturgy.app */;
			productType = "com.apple.product-type.application";
		};
/* End PBXNativeTarget section */

/* Begin PBXProject section */
		B400A5442A10F0E300BAC295 /* Project object */ = {
			isa = PBXProject;
			attributes = {
				BuildIndependentTargetsInParallel = 1;
				LastSwiftUpdateCheck = 1330;
				LastUpgradeCheck = 1330;
				TargetAttributes = {
					B400A54B2A10F0E300BAC295 = {
						CreatedOnToolsVersion = 13.3;
					};
				};
			};
			buildConfigurationList = B400A5472A10F0E300BAC295 /* Build configuration list for PBXProject "Daily Liturgy" */;
			compatibilityVersion = "Xcode 13.0";
			developmentRegion = en;
			hasScannedForEncodings = 0;
			knownRegions = (
				en,
				Base,
			);
			mainGroup = B400A5432A10F0E300BAC295;
			packageReferences = (
				B4D65EB02A1121470018D97F /* XCRemoteSwiftPackageReference "SwiftSoup" */,
			);
			productRefGroup = B400A54D2A10F0E300BAC295 /* Products */;
			projectDirPath = "";
			projectRoot = "";
			targets = (
				B400A54B2A10F0E300BAC295 /* Daily Liturgy */,
			);
		};
/* End PBXProject section */

/* Begin PBXResourcesBuildPhase section */
		B400A54A2A10F0E300BAC295 /* Resources */ = {
			isa = PBXResourcesBuildPhase;
			buildActionMask = 2147483647;
			files = (
				B400A5572A10F0E600BAC295 /* Preview Assets.xcassets in Resources */,
				B400A5542A10F0E600BAC295 /* Assets.xcassets in Resources */,
			);
			runOnlyForDeploymentPostprocessing = 0;
		};
/* End PBXResourcesBuildPhase section */

/* Begin PBXSourcesBuildPhase section */
		B400A5482A10F0E300BAC295 /* Sources */ = {
			isa = PBXSourcesBuildPhase;
			buildActionMask = 2147483647;
			files = (
				B4F568832A112E7400A5D3E2 /* Liturgy.swift in Sources */,
				B4307E9E2A15AA8C00E91EFB /* SeekButton.swift in Sources */,
				B4307E9C2A15A1BA00E91EFB /* PlayPauseAudioButton.swift in Sources */,
				B4307E982A1598C600E91EFB /* SplashView.swift in Sources */,
				B4307E9A2A159D5B00E91EFB /* AudioPlayerView.swift in Sources */,
				B4C36A492A11B506009EE5EA /* NavigationBarModifier.swift in Sources */,
				B400A5522A10F0E300BAC295 /* ContentView.swift in Sources */,
				B4C35BC22A11AA49005FBD04 /* ReadingCard.swift in Sources */,
				B4C36A472A11AF1B009EE5EA /* WebView.swift in Sources */,
				B408E0652A110415001A5EB8 /* Card.swift in Sources */,
				B400A5502A10F0E300BAC295 /* DailyLiturgyApp.swift in Sources */,
				B4307EA02A15C3DD00E91EFB /* LiturgyView.swift in Sources */,
			);
			runOnlyForDeploymentPostprocessing = 0;
		};
/* End PBXSourcesBuildPhase section */

/* Begin XCBuildConfiguration section */
		B400A5582A10F0E600BAC295 /* Debug */ = {
			isa = XCBuildConfiguration;
			buildSettings = {
				ALWAYS_SEARCH_USER_PATHS = NO;
				CLANG_ANALYZER_NONNULL = YES;
				CLANG_ANALYZER_NUMBER_OBJECT_CONVERSION = YES_AGGRESSIVE;
				CLANG_CXX_LANGUAGE_STANDARD = "gnu++17";
				CLANG_ENABLE_MODULES = YES;
				CLANG_ENABLE_OBJC_ARC = YES;
				CLANG_ENABLE_OBJC_WEAK = YES;
				CLANG_WARN_BLOCK_CAPTURE_AUTORELEASING = YES;
				CLANG_WARN_BOOL_CONVERSION = YES;
				CLANG_WARN_COMMA = YES;
				CLANG_WARN_CONSTANT_CONVERSION = YES;
				CLANG_WARN_DEPRECATED_OBJC_IMPLEMENTATIONS = YES;
				CLANG_WARN_DIRECT_OBJC_ISA_USAGE = YES_ERROR;
				CLANG_WARN_DOCUMENTATION_COMMENTS = YES;
				CLANG_WARN_EMPTY_BODY = YES;
				CLANG_WARN_ENUM_CONVERSION = YES;
				CLANG_WARN_INFINITE_RECURSION = YES;
				CLANG_WARN_INT_CONVERSION = YES;
				CLANG_WARN_NON_LITERAL_NULL_CONVERSION = YES;
				CLANG_WARN_OBJC_IMPLICIT_RETAIN_SELF = YES;
				CLANG_WARN_OBJC_LITERAL_CONVERSION = YES;
				CLANG_WARN_OBJC_ROOT_CLASS = YES_ERROR;
				CLANG_WARN_QUOTED_INCLUDE_IN_FRAMEWORK_HEADER = YES;
				CLANG_WARN_RANGE_LOOP_ANALYSIS = YES;
				CLANG_WARN_STRICT_PROTOTYPES = YES;
				CLANG_WARN_SUSPICIOUS_MOVE = YES;
				CLANG_WARN_UNGUARDED_AVAILABILITY = YES_AGGRESSIVE;
				CLANG_WARN_UNREACHABLE_CODE = YES;
				CLANG_WARN__DUPLICATE_METHOD_MATCH = YES;
				COPY_PHASE_STRIP = NO;
				DEBUG_INFORMATION_FORMAT = dwarf;
				ENABLE_STRICT_OBJC_MSGSEND = YES;
				ENABLE_TESTABILITY = YES;
				GCC_C_LANGUAGE_STANDARD = gnu11;
				GCC_DYNAMIC_NO_PIC = NO;
				GCC_NO_COMMON_BLOCKS = YES;
				GCC_OPTIMIZATION_LEVEL = 0;
				GCC_PREPROCESSOR_DEFINITIONS = (
					"DEBUG=1",
					"$(inherited)",
				);
				GCC_WARN_64_TO_32_BIT_CONVERSION = YES;
				GCC_WARN_ABOUT_RETURN_TYPE = YES_ERROR;
				GCC_WARN_UNDECLARED_SELECTOR = YES;
				GCC_WARN_UNINITIALIZED_AUTOS = YES_AGGRESSIVE;
				GCC_WARN_UNUSED_FUNCTION = YES;
				GCC_WARN_UNUSED_VARIABLE = YES;
				IPHONEOS_DEPLOYMENT_TARGET = 15.4;
				MTL_ENABLE_DEBUG_INFO = INCLUDE_SOURCE;
				MTL_FAST_MATH = YES;
				ONLY_ACTIVE_ARCH = YES;
				SDKROOT = iphoneos;
				SWIFT_ACTIVE_COMPILATION_CONDITIONS = DEBUG;
				SWIFT_OPTIMIZATION_LEVEL = "-Onone";
			};
			name = Debug;
		};
		B400A5592A10F0E600BAC295 /* Release */ = {
			isa = XCBuildConfiguration;
			buildSettings = {
				ALWAYS_SEARCH_USER_PATHS = NO;
				CLANG_ANALYZER_NONNULL = YES;
				CLANG_ANALYZER_NUMBER_OBJECT_CONVERSION = YES_AGGRESSIVE;
				CLANG_CXX_LANGUAGE_STANDARD = "gnu++17";
				CLANG_ENABLE_MODULES = YES;
				CLANG_ENABLE_OBJC_ARC = YES;
				CLANG_ENABLE_OBJC_WEAK = YES;
				CLANG_WARN_BLOCK_CAPTURE_AUTORELEASING = YES;
				CLANG_WARN_BOOL_CONVERSION = YES;
				CLANG_WARN_COMMA = YES;
				CLANG_WARN_CONSTANT_CONVERSION = YES;
				CLANG_WARN_DEPRECATED_OBJC_IMPLEMENTATIONS = YES;
				CLANG_WARN_DIRECT_OBJC_ISA_USAGE = YES_ERROR;
				CLANG_WARN_DOCUMENTATION_COMMENTS = YES;
				CLANG_WARN_EMPTY_BODY = YES;
				CLANG_WARN_ENUM_CONVERSION = YES;
				CLANG_WARN_INFINITE_RECURSION = YES;
				CLANG_WARN_INT_CONVERSION = YES;
				CLANG_WARN_NON_LITERAL_NULL_CONVERSION = YES;
				CLANG_WARN_OBJC_IMPLICIT_RETAIN_SELF = YES;
				CLANG_WARN_OBJC_LITERAL_CONVERSION = YES;
				CLANG_WARN_OBJC_ROOT_CLASS = YES_ERROR;
				CLANG_WARN_QUOTED_INCLUDE_IN_FRAMEWORK_HEADER = YES;
				CLANG_WARN_RANGE_LOOP_ANALYSIS = YES;
				CLANG_WARN_STRICT_PROTOTYPES = YES;
				CLANG_WARN_SUSPICIOUS_MOVE = YES;
				CLANG_WARN_UNGUARDED_AVAILABILITY = YES_AGGRESSIVE;
				CLANG_WARN_UNREACHABLE_CODE = YES;
				CLANG_WARN__DUPLICATE_METHOD_MATCH = YES;
				COPY_PHASE_STRIP = NO;
				DEBUG_INFORMATION_FORMAT = "dwarf-with-dsym";
				ENABLE_NS_ASSERTIONS = NO;
				ENABLE_STRICT_OBJC_MSGSEND = YES;
				GCC_C_LANGUAGE_STANDARD = gnu11;
				GCC_NO_COMMON_BLOCKS = YES;
				GCC_WARN_64_TO_32_BIT_CONVERSION = YES;
				GCC_WARN_ABOUT_RETURN_TYPE = YES_ERROR;
				GCC_WARN_UNDECLARED_SELECTOR = YES;
				GCC_WARN_UNINITIALIZED_AUTOS = YES_AGGRESSIVE;
				GCC_WARN_UNUSED_FUNCTION = YES;
				GCC_WARN_UNUSED_VARIABLE = YES;
				IPHONEOS_DEPLOYMENT_TARGET = 15.4;
				MTL_ENABLE_DEBUG_INFO = NO;
				MTL_FAST_MATH = YES;
				SDKROOT = iphoneos;
				SWIFT_COMPILATION_MODE = wholemodule;
				SWIFT_OPTIMIZATION_LEVEL = "-O";
				VALIDATE_PRODUCT = YES;
			};
			name = Release;
		};
		B400A55B2A10F0E600BAC295 /* Debug */ = {
			isa = XCBuildConfiguration;
			buildSettings = {
				ASSETCATALOG_COMPILER_APPICON_NAME = AppIcon;
				ASSETCATALOG_COMPILER_GLOBAL_ACCENT_COLOR_NAME = AccentColor;
				CODE_SIGN_STYLE = Automatic;
				CURRENT_PROJECT_VERSION = 1;
				DEVELOPMENT_ASSET_PATHS = "\"Daily Liturgy/Preview Content\"";
				DEVELOPMENT_TEAM = 7522S887VY;
				ENABLE_PREVIEWS = YES;
				GENERATE_INFOPLIST_FILE = YES;
				INFOPLIST_KEY_UIApplicationSceneManifest_Generation = YES;
				INFOPLIST_KEY_UIApplicationSupportsIndirectInputEvents = YES;
				INFOPLIST_KEY_UILaunchScreen_Generation = YES;
				INFOPLIST_KEY_UISupportedInterfaceOrientations_iPad = "UIInterfaceOrientationPortrait UIInterfaceOrientationPortraitUpsideDown UIInterfaceOrientationLandscapeLeft UIInterfaceOrientationLandscapeRight";
				INFOPLIST_KEY_UISupportedInterfaceOrientations_iPhone = "UIInterfaceOrientationPortrait UIInterfaceOrientationLandscapeLeft UIInterfaceOrientationLandscapeRight";
				LD_RUNPATH_SEARCH_PATHS = (
					"$(inherited)",
					"@executable_path/Frameworks",
				);
				MARKETING_VERSION = 1.0;
				PRODUCT_BUNDLE_IDENTIFIER = "com.cookie.Daily-Liturgy";
				PRODUCT_NAME = "$(TARGET_NAME)";
				SWIFT_EMIT_LOC_STRINGS = YES;
				SWIFT_VERSION = 5.0;
				TARGETED_DEVICE_FAMILY = "1,2";
			};
			name = Debug;
		};
		B400A55C2A10F0E600BAC295 /* Release */ = {
			isa = XCBuildConfiguration;
			buildSettings = {
				ASSETCATALOG_COMPILER_APPICON_NAME = AppIcon;
				ASSETCATALOG_COMPILER_GLOBAL_ACCENT_COLOR_NAME = AccentColor;
				CODE_SIGN_STYLE = Automatic;
				CURRENT_PROJECT_VERSION = 1;
				DEVELOPMENT_ASSET_PATHS = "\"Daily Liturgy/Preview Content\"";
				DEVELOPMENT_TEAM = 7522S887VY;
				ENABLE_PREVIEWS = YES;
				GENERATE_INFOPLIST_FILE = YES;
				INFOPLIST_KEY_UIApplicationSceneManifest_Generation = YES;
				INFOPLIST_KEY_UIApplicationSupportsIndirectInputEvents = YES;
				INFOPLIST_KEY_UILaunchScreen_Generation = YES;
				INFOPLIST_KEY_UISupportedInterfaceOrientations_iPad = "UIInterfaceOrientationPortrait UIInterfaceOrientationPortraitUpsideDown UIInterfaceOrientationLandscapeLeft UIInterfaceOrientationLandscapeRight";
				INFOPLIST_KEY_UISupportedInterfaceOrientations_iPhone = "UIInterfaceOrientationPortrait UIInterfaceOrientationLandscapeLeft UIInterfaceOrientationLandscapeRight";
				LD_RUNPATH_SEARCH_PATHS = (
					"$(inherited)",
					"@executable_path/Frameworks",
				);
				MARKETING_VERSION = 1.0;
				PRODUCT_BUNDLE_IDENTIFIER = "com.cookie.Daily-Liturgy";
				PRODUCT_NAME = "$(TARGET_NAME)";
				SWIFT_EMIT_LOC_STRINGS = YES;
				SWIFT_VERSION = 5.0;
				TARGETED_DEVICE_FAMILY = "1,2";
			};
			name = Release;
		};
/* End XCBuildConfiguration section */

/* Begin XCConfigurationList section */
		B400A5472A10F0E300BAC295 /* Build configuration list for PBXProject "Daily Liturgy" */ = {
			isa = XCConfigurationList;
			buildConfigurations = (
				B400A5582A10F0E600BAC295 /* Debug */,
				B400A5592A10F0E600BAC295 /* Release */,
			);
			defaultConfigurationIsVisible = 0;
			defaultConfigurationName = Release;
		};
		B400A55A2A10F0E600BAC295 /* Build configuration list for PBXNativeTarget "Daily Liturgy" */ = {
			isa = XCConfigurationList;
			buildConfigurations = (
				B400A55B2A10F0E600BAC295 /* Debug */,
				B400A55C2A10F0E600BAC295 /* Release */,
			);
			defaultConfigurationIsVisible = 0;
			defaultConfigurationName = Release;
		};
/* End XCConfigurationList section */

/* Begin XCRemoteSwiftPackageReference section */
		B4D65EB02A1121470018D97F /* XCRemoteSwiftPackageReference "SwiftSoup" */ = {
			isa = XCRemoteSwiftPackageReference;
			repositoryURL = "https://github.com/scinfu/SwiftSoup";
			requirement = {
				kind = upToNextMajorVersion;
				minimumVersion = 2.0.0;
			};
		};
/* End XCRemoteSwiftPackageReference section */

/* Begin XCSwiftPackageProductDependency section */
		B4D65EB12A1121470018D97F /* SwiftSoup */ = {
			isa = XCSwiftPackageProductDependency;
			package = B4D65EB02A1121470018D97F /* XCRemoteSwiftPackageReference "SwiftSoup" */;
			productName = SwiftSoup;
		};
/* End XCSwiftPackageProductDependency section */
	};
	rootObject = B400A5442A10F0E300BAC295 /* Project object */;
}
